
Microsoft Visual Studio Solution File, Format Version 12.00
# Visual Studio 15
Project("{FAE04EC0-301F-11D3-BF4B-00C04F79EFBC}") = "Assembly-CSharp", "Assembly-CSharp.csproj", "{07F5425B-BB6A-5B5A-AEDA-9A48567C3BB9}"
EndProject
Project("{FAE04EC0-301F-11D3-BF4B-00C04F79EFBC}") = "Unity.XR.Interaction.Toolkit.Samples.DeviceSimulator", "Unity.XR.Interaction.Toolkit.Samples.DeviceSimulator.csproj", "{9881120C-DE22-9054-F4AD-811060E68F6E}"
EndProject
Project("{FAE04EC0-301F-11D3-BF4B-00C04F79EFBC}") = "Unity.XR.Interaction.Toolkit.Samples.StarterAssets", "Unity.XR.Interaction.Toolkit.Samples.StarterAssets.csproj", "{4826D1D6-E63D-88EA-B8F7-AB0DE4B313DC}"
EndProject
Project("{FAE04EC0-301F-11D3-BF4B-00C04F79EFBC}") = "Unity.XR.Interaction.Toolkit.Samples.StarterAssets.Editor", "Unity.XR.Interaction.Toolkit.Samples.StarterAssets.Editor.csproj", "{83162866-3DD7-D0C5-564A-61B081E242C6}"
EndProject
Global
	GlobalSection(SolutionConfigurationPlatforms) = preSolution
		Debug|Any CPU = Debug|Any CPU
		Release|Any CPU = Release|Any CPU
	EndGlobalSection
	GlobalSection(ProjectConfigurationPlatforms) = postSolution
		{07F5425B-BB6A-5B5A-AEDA-9A48567C3BB9}.Debug|Any CPU.ActiveCfg = Debug|Any CPU
		{07F5425B-BB6A-5B5A-AEDA-9A48567C3BB9}.Debug|Any CPU.Build.0 = Debug|Any CPU
		{07F5425B-BB6A-5B5A-AEDA-9A48567C3BB9}.Release|Any CPU.ActiveCfg = Release|Any CPU
		{07F5425B-BB6A-5B5A-AEDA-9A48567C3BB9}.Release|Any CPU.Build.0 = Release|Any CPU
		{9881120C-DE22-9054-F4AD-811060E68F6E}.Debug|Any CPU.ActiveCfg = Debug|Any CPU
		{9881120C-DE22-9054-F4AD-811060E68F6E}.Debug|Any CPU.Build.0 = Debug|Any CPU
		{9881120C-DE22-9054-F4AD-811060E68F6E}.Release|Any CPU.ActiveCfg = Release|Any CPU
		{9881120C-DE22-9054-F4AD-811060E68F6E}.Release|Any CPU.Build.0 = Release|Any CPU
		{4826D1D6-E63D-88EA-B8F7-AB0DE4B313DC}.Debug|Any CPU.ActiveCfg = Debug|Any CPU
		{4826D1D6-E63D-88EA-B8F7-AB0DE4B313DC}.Debug|Any CPU.Build.0 = Debug|Any CPU
		{4826D1D6-E63D-88EA-B8F7-AB0DE4B313DC}.Release|Any CPU.ActiveCfg = Release|Any CPU
		{4826D1D6-E63D-88EA-B8F7-AB0DE4B313DC}.Release|Any CPU.Build.0 = Release|Any CPU
		{83162866-3DD7-D0C5-564A-61B081E242C6}.Debug|Any CPU.ActiveCfg = Debug|Any CPU
		{83162866-3DD7-D0C5-564A-61B081E242C6}.Debug|Any CPU.Build.0 = Debug|Any CPU
		{83162866-3DD7-D0C5-564A-61B081E242C6}.Release|Any CPU.ActiveCfg = Release|Any CPU
		{83162866-3DD7-D0C5-564A-61B081E242C6}.Release|Any CPU.Build.0 = Release|Any CPU
	EndGlobalSection
	GlobalSection(SolutionProperties) = preSolution
		HideSolutionNode = FALSE
	EndGlobalSection
EndGlobal
